
Microsoft Visual Studio Solution File, Format Version 12.00
# Visual Studio Version 16
VisualStudioVersion = 16.0.33027.164
MinimumVisualStudioVersion = 10.0.40219.1
Project("{FAE04EC0-301F-11D3-BF4B-00C04F79EFBC}") = "ConsoleApp58(NewSoldiers)", "ConsoleApp58(NewSoldiers).csproj", "{060A9438-AB40-422D-9A9E-2FD36B495C64}"
EndProject
Global
	GlobalSection(SolutionConfigurationPlatforms) = preSolution
		Debug|Any CPU = Debug|Any CPU
		Release|Any CPU = Release|Any CPU
	EndGlobalSection
	GlobalSection(ProjectConfigurationPlatforms) = postSolution
		{060A9438-AB40-422D-9A9E-2FD36B495C64}.Debug|Any CPU.ActiveCfg = Debug|Any CPU
		{060A9438-AB40-422D-9A9E-2FD36B495C64}.Debug|Any CPU.Build.0 = Debug|Any CPU
		{060A9438-AB40-422D-9A9E-2FD36B495C64}.Release|Any CPU.ActiveCfg = Release|Any CPU
		{060A9438-AB40-422D-9A9E-2FD36B495C64}.Release|Any CPU.Build.0 = Release|Any CPU
	EndGlobalSection
	GlobalSection(SolutionProperties) = preSolution
		HideSolutionNode = FALSE
	EndGlobalSection
	GlobalSection(ExtensibilityGlobals) = postSolution
		SolutionGuid = {B0D3C217-6B1B-40BC-8472-00497AE8986C}
	EndGlobalSection
EndGlobal
